
Microsoft Visual Studio Solution File, Format Version 12.00
# Visual Studio Version 17
VisualStudioVersion = 17.0.32112.339
MinimumVisualStudioVersion = 10.0.40219.1
Project("{2150E333-8FDC-42A3-9474-1A3956D46DE8}") = "src", "src", "{79E54EE5-5DA9-47EC-86B5-04DF4BDE148F}"
EndProject
Project("{2150E333-8FDC-42A3-9474-1A3956D46DE8}") = "tests", "tests", "{72D24936-D7AE-4D00-B827-BFAE9EA8A433}"
EndProject
Project("{FAE04EC0-301F-11D3-BF4B-00C04F79EFBC}") = "ModbusClientConsole", "src\ModbusClientConsole\ModbusClientConsole.csproj", "{B36A78C3-FFB1-4641-BF53-C1595350819C}"
EndProject
Project("{FAE04EC0-301F-11D3-BF4B-00C04F79EFBC}") = "ModbusServerConsole", "src\ModbusServerConsole\ModbusServerConsole.csproj", "{DEECF2A7-670D-47BA-9F19-86AD6DEF665B}"
EndProject
Project("{2150E333-8FDC-42A3-9474-1A3956D46DE8}") = "DeviceEnrollment", "DeviceEnrollment", "{727B2F54-CB5C-4A8F-87D2-72EDEB1047AD}"
EndProject
Project("{9A19103F-16F7-4668-BE54-9A1E7A4F7556}") = "DeviceEnrollment.Domain", "src\DeviceEnrollment\DeviceEnrollment.Domain\DeviceEnrollment.Domain.csproj", "{F8390BF3-325E-4859-AEF5-D97E5E44FA0E}"
EndProject
Project("{9A19103F-16F7-4668-BE54-9A1E7A4F7556}") = "DeviceEnrollment.Application", "src\DeviceEnrollment\DeviceEnrollment.Application\DeviceEnrollment.Application.csproj", "{2A978976-ED65-4777-99A6-B4529AC72FA5}"
EndProject
Project("{9A19103F-16F7-4668-BE54-9A1E7A4F7556}") = "DeviceEnrollment.Infrastructure", "src\DeviceEnrollment\DeviceEnrollment.Infrastructure\DeviceEnrollment.Infrastructure.csproj", "{CC7E083E-8990-4162-9F6F-08A3B96EC406}"
EndProject
Project("{9A19103F-16F7-4668-BE54-9A1E7A4F7556}") = "DeviceEnrollment.Api", "src\DeviceEnrollment\DeviceEnrollment.Api\DeviceEnrollment.Api.csproj", "{16D4AE76-A77A-4CF4-8761-51AC745F3595}"
EndProject
Project("{2150E333-8FDC-42A3-9474-1A3956D46DE8}") = "DataVisualization", "DataVisualization", "{ED9AF979-6A54-4C24-BFB9-6FE3466BC809}"
EndProject
Project("{9A19103F-16F7-4668-BE54-9A1E7A4F7556}") = "DataVisualization.Api", "src\DataVisualization\DataVisualization.Api\DataVisualization.Api.csproj", "{C147F6D5-167F-4BA8-B7F0-DEC6D4120B2D}"
EndProject
Project("{2150E333-8FDC-42A3-9474-1A3956D46DE8}") = "CommunicationManager", "CommunicationManager", "{8F2BF041-B917-4950-A5C9-489F38BEF3A0}"
EndProject
Project("{9A19103F-16F7-4668-BE54-9A1E7A4F7556}") = "CommunicationManager.Api", "src\CommunicationManager\CommunicationManager.Api\CommunicationManager.Api.csproj", "{6DBB642C-681B-4BBB-A3DB-3D36A0309C82}"
EndProject
Project("{2150E333-8FDC-42A3-9474-1A3956D46DE8}") = "Gateway", "Gateway", "{981BBF86-7EDA-45A4-8252-326012D6E2FF}"
EndProject
Project("{FAE04EC0-301F-11D3-BF4B-00C04F79EFBC}") = "Gateway.Api", "src\Gateway\Gateway.Api\Gateway.Api.csproj", "{A51D49CA-4D26-479F-B0EB-076123C811D8}"
EndProject
Global
	GlobalSection(SolutionConfigurationPlatforms) = preSolution
		Debug|Any CPU = Debug|Any CPU
		Release|Any CPU = Release|Any CPU
	EndGlobalSection
	GlobalSection(ProjectConfigurationPlatforms) = postSolution
		{B36A78C3-FFB1-4641-BF53-C1595350819C}.Debug|Any CPU.ActiveCfg = Debug|Any CPU
		{B36A78C3-FFB1-4641-BF53-C1595350819C}.Debug|Any CPU.Build.0 = Debug|Any CPU
		{B36A78C3-FFB1-4641-BF53-C1595350819C}.Release|Any CPU.ActiveCfg = Release|Any CPU
		{B36A78C3-FFB1-4641-BF53-C1595350819C}.Release|Any CPU.Build.0 = Release|Any CPU
		{DEECF2A7-670D-47BA-9F19-86AD6DEF665B}.Debug|Any CPU.ActiveCfg = Debug|Any CPU
		{DEECF2A7-670D-47BA-9F19-86AD6DEF665B}.Debug|Any CPU.Build.0 = Debug|Any CPU
		{DEECF2A7-670D-47BA-9F19-86AD6DEF665B}.Release|Any CPU.ActiveCfg = Release|Any CPU
		{DEECF2A7-670D-47BA-9F19-86AD6DEF665B}.Release|Any CPU.Build.0 = Release|Any CPU
		{F8390BF3-325E-4859-AEF5-D97E5E44FA0E}.Debug|Any CPU.ActiveCfg = Debug|Any CPU
		{F8390BF3-325E-4859-AEF5-D97E5E44FA0E}.Debug|Any CPU.Build.0 = Debug|Any CPU
		{F8390BF3-325E-4859-AEF5-D97E5E44FA0E}.Release|Any CPU.ActiveCfg = Release|Any CPU
		{F8390BF3-325E-4859-AEF5-D97E5E44FA0E}.Release|Any CPU.Build.0 = Release|Any CPU
		{2A978976-ED65-4777-99A6-B4529AC72FA5}.Debug|Any CPU.ActiveCfg = Debug|Any CPU
		{2A978976-ED65-4777-99A6-B4529AC72FA5}.Debug|Any CPU.Build.0 = Debug|Any CPU
		{2A978976-ED65-4777-99A6-B4529AC72FA5}.Release|Any CPU.ActiveCfg = Release|Any CPU
		{2A978976-ED65-4777-99A6-B4529AC72FA5}.Release|Any CPU.Build.0 = Release|Any CPU
		{CC7E083E-8990-4162-9F6F-08A3B96EC406}.Debug|Any CPU.ActiveCfg = Debug|Any CPU
		{CC7E083E-8990-4162-9F6F-08A3B96EC406}.Debug|Any CPU.Build.0 = Debug|Any CPU
		{CC7E083E-8990-4162-9F6F-08A3B96EC406}.Release|Any CPU.ActiveCfg = Release|Any CPU
		{CC7E083E-8990-4162-9F6F-08A3B96EC406}.Release|Any CPU.Build.0 = Release|Any CPU
		{16D4AE76-A77A-4CF4-8761-51AC745F3595}.Debug|Any CPU.ActiveCfg = Debug|Any CPU
		{16D4AE76-A77A-4CF4-8761-51AC745F3595}.Debug|Any CPU.Build.0 = Debug|Any CPU
		{16D4AE76-A77A-4CF4-8761-51AC745F3595}.Release|Any CPU.ActiveCfg = Release|Any CPU
		{16D4AE76-A77A-4CF4-8761-51AC745F3595}.Release|Any CPU.Build.0 = Release|Any CPU
		{C147F6D5-167F-4BA8-B7F0-DEC6D4120B2D}.Debug|Any CPU.ActiveCfg = Debug|Any CPU
		{C147F6D5-167F-4BA8-B7F0-DEC6D4120B2D}.Debug|Any CPU.Build.0 = Debug|Any CPU
		{C147F6D5-167F-4BA8-B7F0-DEC6D4120B2D}.Release|Any CPU.ActiveCfg = Release|Any CPU
		{C147F6D5-167F-4BA8-B7F0-DEC6D4120B2D}.Release|Any CPU.Build.0 = Release|Any CPU
		{6DBB642C-681B-4BBB-A3DB-3D36A0309C82}.Debug|Any CPU.ActiveCfg = Debug|Any CPU
		{6DBB642C-681B-4BBB-A3DB-3D36A0309C82}.Debug|Any CPU.Build.0 = Debug|Any CPU
		{6DBB642C-681B-4BBB-A3DB-3D36A0309C82}.Release|Any CPU.ActiveCfg = Release|Any CPU
		{6DBB642C-681B-4BBB-A3DB-3D36A0309C82}.Release|Any CPU.Build.0 = Release|Any CPU
		{A51D49CA-4D26-479F-B0EB-076123C811D8}.Debug|Any CPU.ActiveCfg = Debug|Any CPU
		{A51D49CA-4D26-479F-B0EB-076123C811D8}.Debug|Any CPU.Build.0 = Debug|Any CPU
		{A51D49CA-4D26-479F-B0EB-076123C811D8}.Release|Any CPU.ActiveCfg = Release|Any CPU
		{A51D49CA-4D26-479F-B0EB-076123C811D8}.Release|Any CPU.Build.0 = Release|Any CPU
	EndGlobalSection
	GlobalSection(SolutionProperties) = preSolution
		HideSolutionNode = FALSE
	EndGlobalSection
	GlobalSection(NestedProjects) = preSolution
		{B36A78C3-FFB1-4641-BF53-C1595350819C} = {79E54EE5-5DA9-47EC-86B5-04DF4BDE148F}
		{DEECF2A7-670D-47BA-9F19-86AD6DEF665B} = {79E54EE5-5DA9-47EC-86B5-04DF4BDE148F}
		{727B2F54-CB5C-4A8F-87D2-72EDEB1047AD} = {79E54EE5-5DA9-47EC-86B5-04DF4BDE148F}
		{F8390BF3-325E-4859-AEF5-D97E5E44FA0E} = {727B2F54-CB5C-4A8F-87D2-72EDEB1047AD}
		{2A978976-ED65-4777-99A6-B4529AC72FA5} = {727B2F54-CB5C-4A8F-87D2-72EDEB1047AD}
		{CC7E083E-8990-4162-9F6F-08A3B96EC406} = {727B2F54-CB5C-4A8F-87D2-72EDEB1047AD}
		{16D4AE76-A77A-4CF4-8761-51AC745F3595} = {727B2F54-CB5C-4A8F-87D2-72EDEB1047AD}
		{ED9AF979-6A54-4C24-BFB9-6FE3466BC809} = {79E54EE5-5DA9-47EC-86B5-04DF4BDE148F}
		{C147F6D5-167F-4BA8-B7F0-DEC6D4120B2D} = {ED9AF979-6A54-4C24-BFB9-6FE3466BC809}
		{8F2BF041-B917-4950-A5C9-489F38BEF3A0} = {79E54EE5-5DA9-47EC-86B5-04DF4BDE148F}
		{6DBB642C-681B-4BBB-A3DB-3D36A0309C82} = {8F2BF041-B917-4950-A5C9-489F38BEF3A0}
		{981BBF86-7EDA-45A4-8252-326012D6E2FF} = {79E54EE5-5DA9-47EC-86B5-04DF4BDE148F}
		{A51D49CA-4D26-479F-B0EB-076123C811D8} = {981BBF86-7EDA-45A4-8252-326012D6E2FF}
	EndGlobalSection
	GlobalSection(ExtensibilityGlobals) = postSolution
		SolutionGuid = {92069E08-EC56-4C69-B7F6-C97AD2D4A963}
	EndGlobalSection
EndGlobal
