
Microsoft Visual Studio Solution File, Format Version 12.00
# Visual Studio Version 17
VisualStudioVersion = 17.0.32112.339
MinimumVisualStudioVersion = 10.0.40219.1
Project("{2150E333-8FDC-42A3-9474-1A3956D46DE8}") = "src", "src", "{7CA59256-9E3D-4E69-A2DC-EF2F3B641479}"
EndProject
Project("{2150E333-8FDC-42A3-9474-1A3956D46DE8}") = "tests", "tests", "{75A64195-2F81-43D8-953E-DD225314C713}"
EndProject
Project("{FAE04EC0-301F-11D3-BF4B-00C04F79EFBC}") = "ModbusServerConsole", "src\ModbusServer\ModbusServerConsole.csproj", "{DEECF2A7-670D-47BA-9F19-86AD6DEF665B}"
EndProject
Global
	GlobalSection(SolutionConfigurationPlatforms) = preSolution
		Debug|Any CPU = Debug|Any CPU
		Release|Any CPU = Release|Any CPU
	EndGlobalSection
	GlobalSection(ProjectConfigurationPlatforms) = postSolution
		{DEECF2A7-670D-47BA-9F19-86AD6DEF665B}.Debug|Any CPU.ActiveCfg = Debug|Any CPU
		{DEECF2A7-670D-47BA-9F19-86AD6DEF665B}.Debug|Any CPU.Build.0 = Debug|Any CPU
		{DEECF2A7-670D-47BA-9F19-86AD6DEF665B}.Release|Any CPU.ActiveCfg = Release|Any CPU
		{DEECF2A7-670D-47BA-9F19-86AD6DEF665B}.Release|Any CPU.Build.0 = Release|Any CPU
	EndGlobalSection
	GlobalSection(SolutionProperties) = preSolution
		HideSolutionNode = FALSE
	EndGlobalSection
	GlobalSection(NestedProjects) = preSolution
		{DEECF2A7-670D-47BA-9F19-86AD6DEF665B} = {7CA59256-9E3D-4E69-A2DC-EF2F3B641479}
	EndGlobalSection
	GlobalSection(ExtensibilityGlobals) = postSolution
		SolutionGuid = {92069E08-EC56-4C69-B7F6-C97AD2D4A963}
	EndGlobalSection
EndGlobal
