
Microsoft Visual Studio Solution File, Format Version 12.00
# Visual Studio Version 17
VisualStudioVersion = 17.0.32112.339
MinimumVisualStudioVersion = 10.0.40219.1
Project("{2150E333-8FDC-42A3-9474-1A3956D46DE8}") = "src", "src", "{79E54EE5-5DA9-47EC-86B5-04DF4BDE148F}"
EndProject
Project("{2150E333-8FDC-42A3-9474-1A3956D46DE8}") = "tests", "tests", "{72D24936-D7AE-4D00-B827-BFAE9EA8A433}"
EndProject
Project("{FAE04EC0-301F-11D3-BF4B-00C04F79EFBC}") = "ModbusClientConsole", "src\ModbusClientConsole\ModbusClientConsole.csproj", "{B36A78C3-FFB1-4641-BF53-C1595350819C}"
EndProject
Project("{FAE04EC0-301F-11D3-BF4B-00C04F79EFBC}") = "ModbusServerConsole", "src\ModbusServerConsole\ModbusServerConsole.csproj", "{DEECF2A7-670D-47BA-9F19-86AD6DEF665B}"
EndProject
Project("{2150E333-8FDC-42A3-9474-1A3956D46DE8}") = "DeviceEnrollment", "DeviceEnrollment", "{727B2F54-CB5C-4A8F-87D2-72EDEB1047AD}"
EndProject
Project("{FAE04EC0-301F-11D3-BF4B-00C04F79EFBC}") = "DeviceEnrollment.Domain", "src\DeviceEnrollment\DeviceEnrollment.Domain\DeviceEnrollment.Domain.csproj", "{F8390BF3-325E-4859-AEF5-D97E5E44FA0E}"
EndProject
Project("{FAE04EC0-301F-11D3-BF4B-00C04F79EFBC}") = "DeviceEnrollment.Application", "src\DeviceEnrollment\DeviceEnrollment.Application\DeviceEnrollment.Application.csproj", "{2A978976-ED65-4777-99A6-B4529AC72FA5}"
EndProject
Project("{FAE04EC0-301F-11D3-BF4B-00C04F79EFBC}") = "DeviceEnrollment.Infrastructure", "src\DeviceEnrollment\DeviceEnrollment.Infrastructure\DeviceEnrollment.Infrastructure.csproj", "{CC7E083E-8990-4162-9F6F-08A3B96EC406}"
EndProject
Global
	GlobalSection(SolutionConfigurationPlatforms) = preSolution
		Debug|Any CPU = Debug|Any CPU
		Release|Any CPU = Release|Any CPU
	EndGlobalSection
	GlobalSection(ProjectConfigurationPlatforms) = postSolution
		{B36A78C3-FFB1-4641-BF53-C1595350819C}.Debug|Any CPU.ActiveCfg = Debug|Any CPU
		{B36A78C3-FFB1-4641-BF53-C1595350819C}.Debug|Any CPU.Build.0 = Debug|Any CPU
		{B36A78C3-FFB1-4641-BF53-C1595350819C}.Release|Any CPU.ActiveCfg = Release|Any CPU
		{B36A78C3-FFB1-4641-BF53-C1595350819C}.Release|Any CPU.Build.0 = Release|Any CPU
		{DEECF2A7-670D-47BA-9F19-86AD6DEF665B}.Debug|Any CPU.ActiveCfg = Debug|Any CPU
		{DEECF2A7-670D-47BA-9F19-86AD6DEF665B}.Debug|Any CPU.Build.0 = Debug|Any CPU
		{DEECF2A7-670D-47BA-9F19-86AD6DEF665B}.Release|Any CPU.ActiveCfg = Release|Any CPU
		{DEECF2A7-670D-47BA-9F19-86AD6DEF665B}.Release|Any CPU.Build.0 = Release|Any CPU
		{F8390BF3-325E-4859-AEF5-D97E5E44FA0E}.Debug|Any CPU.ActiveCfg = Debug|Any CPU
		{F8390BF3-325E-4859-AEF5-D97E5E44FA0E}.Debug|Any CPU.Build.0 = Debug|Any CPU
		{F8390BF3-325E-4859-AEF5-D97E5E44FA0E}.Release|Any CPU.ActiveCfg = Release|Any CPU
		{F8390BF3-325E-4859-AEF5-D97E5E44FA0E}.Release|Any CPU.Build.0 = Release|Any CPU
		{2A978976-ED65-4777-99A6-B4529AC72FA5}.Debug|Any CPU.ActiveCfg = Debug|Any CPU
		{2A978976-ED65-4777-99A6-B4529AC72FA5}.Debug|Any CPU.Build.0 = Debug|Any CPU
		{2A978976-ED65-4777-99A6-B4529AC72FA5}.Release|Any CPU.ActiveCfg = Release|Any CPU
		{2A978976-ED65-4777-99A6-B4529AC72FA5}.Release|Any CPU.Build.0 = Release|Any CPU
		{CC7E083E-8990-4162-9F6F-08A3B96EC406}.Debug|Any CPU.ActiveCfg = Debug|Any CPU
		{CC7E083E-8990-4162-9F6F-08A3B96EC406}.Debug|Any CPU.Build.0 = Debug|Any CPU
		{CC7E083E-8990-4162-9F6F-08A3B96EC406}.Release|Any CPU.ActiveCfg = Release|Any CPU
		{CC7E083E-8990-4162-9F6F-08A3B96EC406}.Release|Any CPU.Build.0 = Release|Any CPU
	EndGlobalSection
	GlobalSection(SolutionProperties) = preSolution
		HideSolutionNode = FALSE
	EndGlobalSection
	GlobalSection(NestedProjects) = preSolution
		{B36A78C3-FFB1-4641-BF53-C1595350819C} = {79E54EE5-5DA9-47EC-86B5-04DF4BDE148F}
		{DEECF2A7-670D-47BA-9F19-86AD6DEF665B} = {79E54EE5-5DA9-47EC-86B5-04DF4BDE148F}
		{727B2F54-CB5C-4A8F-87D2-72EDEB1047AD} = {79E54EE5-5DA9-47EC-86B5-04DF4BDE148F}
		{F8390BF3-325E-4859-AEF5-D97E5E44FA0E} = {727B2F54-CB5C-4A8F-87D2-72EDEB1047AD}
		{2A978976-ED65-4777-99A6-B4529AC72FA5} = {727B2F54-CB5C-4A8F-87D2-72EDEB1047AD}
		{CC7E083E-8990-4162-9F6F-08A3B96EC406} = {727B2F54-CB5C-4A8F-87D2-72EDEB1047AD}
	EndGlobalSection
	GlobalSection(ExtensibilityGlobals) = postSolution
		SolutionGuid = {92069E08-EC56-4C69-B7F6-C97AD2D4A963}
	EndGlobalSection
EndGlobal
